
Microsoft Visual Studio Solution File, Format Version 12.00
# Visual Studio Version 17
VisualStudioVersion = 17.11.34909.67
MinimumVisualStudioVersion = 10.0.40219.1
Project("{9A19103F-16F7-4668-BE54-9A1E7A4F7556}") = "Scrabble.Domain.Test", "tests\Scrabble.Domain.Test\Scrabble.Domain.Test.csproj", "{59A9F13C-5CF6-4B11-B9E9-FD11879EE715}"
EndProject
Project("{9A19103F-16F7-4668-BE54-9A1E7A4F7556}") = "Scrabble.Domain", "src\Scrabble.Domain\Scrabble.Domain.csproj", "{DBBD2397-707D-4BB9-96FF-247E538E3DA2}"
EndProject
Project("{9A19103F-16F7-4668-BE54-9A1E7A4F7556}") = "Scrabble.API", "src\Scrabble.API\Scrabble.API.csproj", "{FA844EF0-9650-449C-A6CD-000320EDB3D8}"
EndProject
Project("{2150E333-8FDC-42A3-9474-1A3956D46DE8}") = "src", "src", "{7961B6D7-3F49-4780-B8E0-416049C0A2F6}"
EndProject
Project("{2150E333-8FDC-42A3-9474-1A3956D46DE8}") = "tests", "tests", "{A8259792-7C58-4F6E-9095-30AFD1B88FC3}"
EndProject
Project("{2150E333-8FDC-42A3-9474-1A3956D46DE8}") = "Solution Items", "Solution Items", "{AE8425AC-3C4B-446B-B207-84EE923B07CB}"
EndProject
Global
	GlobalSection(SolutionConfigurationPlatforms) = preSolution
		Debug|Any CPU = Debug|Any CPU
		Release|Any CPU = Release|Any CPU
	EndGlobalSection
	GlobalSection(ProjectConfigurationPlatforms) = postSolution
		{59A9F13C-5CF6-4B11-B9E9-FD11879EE715}.Debug|Any CPU.ActiveCfg = Debug|Any CPU
		{59A9F13C-5CF6-4B11-B9E9-FD11879EE715}.Debug|Any CPU.Build.0 = Debug|Any CPU
		{59A9F13C-5CF6-4B11-B9E9-FD11879EE715}.Release|Any CPU.ActiveCfg = Release|Any CPU
		{59A9F13C-5CF6-4B11-B9E9-FD11879EE715}.Release|Any CPU.Build.0 = Release|Any CPU
		{DBBD2397-707D-4BB9-96FF-247E538E3DA2}.Debug|Any CPU.ActiveCfg = Debug|Any CPU
		{DBBD2397-707D-4BB9-96FF-247E538E3DA2}.Debug|Any CPU.Build.0 = Debug|Any CPU
		{DBBD2397-707D-4BB9-96FF-247E538E3DA2}.Release|Any CPU.ActiveCfg = Release|Any CPU
		{DBBD2397-707D-4BB9-96FF-247E538E3DA2}.Release|Any CPU.Build.0 = Release|Any CPU
		{FA844EF0-9650-449C-A6CD-000320EDB3D8}.Debug|Any CPU.ActiveCfg = Debug|Any CPU
		{FA844EF0-9650-449C-A6CD-000320EDB3D8}.Debug|Any CPU.Build.0 = Debug|Any CPU
		{FA844EF0-9650-449C-A6CD-000320EDB3D8}.Release|Any CPU.ActiveCfg = Release|Any CPU
		{FA844EF0-9650-449C-A6CD-000320EDB3D8}.Release|Any CPU.Build.0 = Release|Any CPU
	EndGlobalSection
	GlobalSection(SolutionProperties) = preSolution
		HideSolutionNode = FALSE
	EndGlobalSection
	GlobalSection(NestedProjects) = preSolution
		{59A9F13C-5CF6-4B11-B9E9-FD11879EE715} = {A8259792-7C58-4F6E-9095-30AFD1B88FC3}
		{DBBD2397-707D-4BB9-96FF-247E538E3DA2} = {7961B6D7-3F49-4780-B8E0-416049C0A2F6}
		{FA844EF0-9650-449C-A6CD-000320EDB3D8} = {7961B6D7-3F49-4780-B8E0-416049C0A2F6}
	EndGlobalSection
	GlobalSection(ExtensibilityGlobals) = postSolution
		SolutionGuid = {55B9FAD2-9D47-4F9B-905A-814FAC72CB44}
	EndGlobalSection
EndGlobal
